{
  "version": "5",
  "specifiers": {
    "jsr:@denosaurs/plug@1": "1.1.0",
    "jsr:@std/encoding@1": "1.0.10",
    "jsr:@std/fmt@1": "1.0.9",
    "jsr:@std/fs@1": "1.0.23",
    "jsr:@std/internal@^1.0.12": "1.0.12",
    "jsr:@std/path@1": "1.0.9",
    "jsr:@std/path@1.0": "1.0.9",
    "jsr:@std/path@^1.1.4": "1.1.4",
    "npm:mongodb@7.1.0": "7.1.0"
  },
  "jsr": {
    "@denosaurs/plug@1.1.0": {
      "integrity": "eb2f0b7546c7bca2000d8b0282c54d50d91cf6d75cb26a80df25a6de8c4bc044",
      "dependencies": [
        "jsr:@std/encoding",
        "jsr:@std/fmt",
        "jsr:@std/fs",
        "jsr:@std/path@1"
      ]
    },
    "@std/encoding@1.0.10": {
      "integrity": "8783c6384a2d13abd5e9e87a7ae0520a30e9f56aeeaa3bdf910a3eaaf5c811a1"
    },
    "@std/fmt@1.0.9": {
      "integrity": "2487343e8899fb2be5d0e3d35013e54477ada198854e52dd05ed0422eddcabe0"
    },
    "@std/fs@1.0.23": {
      "integrity": "3ecbae4ce4fee03b180fa710caff36bb5adb66631c46a6460aaad49515565a37",
      "dependencies": [
        "jsr:@std/internal",
        "jsr:@std/path@^1.1.4"
      ]
    },
    "@std/internal@1.0.12": {
      "integrity": "972a634fd5bc34b242024402972cd5143eac68d8dffaca5eaa4dba30ce17b027"
    },
    "@std/path@1.0.9": {
      "integrity": "260a49f11edd3db93dd38350bf9cd1b4d1366afa98e81b86167b4e3dd750129e"
    },
    "@std/path@1.1.4": {
      "integrity": "1d2d43f39efb1b42f0b1882a25486647cb851481862dc7313390b2bb044314b5",
      "dependencies": [
        "jsr:@std/internal"
      ]
    }
  },
  "npm": {
    "@mongodb-js/saslprep@1.4.8": {
      "integrity": "sha512-kpjr2jy2w71w0oqAMI8oibBmiF9lXxWkEQs5gMkW4hVE48bsqINGLxnCSYW62ck/NHXJQpQEfA9WlJ1sY0eqBg==",
      "dependencies": [
        "sparse-bitfield"
      ]
    },
    "@types/webidl-conversions@7.0.3": {
      "integrity": "sha512-CiJJvcRtIgzadHCYXw7dqEnMNRjhGZlYK05Mj9OyktqV8uVT8fD2BFOB7S1uwBE3Kj2Z+4UyPmFw/Ixgw/LAlA=="
    },
    "@types/whatwg-url@13.0.0": {
      "integrity": "sha512-N8WXpbE6Wgri7KUSvrmQcqrMllKZ9uxkYWMt+mCSGwNc0Hsw9VQTW7ApqI4XNrx6/SaM2QQJCzMPDEXE058s+Q==",
      "dependencies": [
        "@types/webidl-conversions"
      ]
    },
    "bson@7.2.0": {
      "integrity": "sha512-YCEo7KjMlbNlyHhz7zAZNDpIpQbd+wOEHJYezv0nMYTn4x31eIUM2yomNNubclAt63dObUzKHWsBLJ9QcZNSnQ=="
    },
    "memory-pager@1.5.0": {
      "integrity": "sha512-ZS4Bp4r/Zoeq6+NLJpP+0Zzm0pR8whtGPf1XExKLJBAczGMnSi3It14OiNCStjQjM6NU1okjQGSxgEZN8eBYKg=="
    },
    "mongodb-connection-string-url@7.0.1": {
      "integrity": "sha512-h0AZ9A7IDVwwHyMxmdMXKy+9oNlF0zFoahHiX3vQ8e3KFcSP3VmsmfvtRSuLPxmyv2vjIDxqty8smTgie/SNRQ==",
      "dependencies": [
        "@types/whatwg-url",
        "whatwg-url"
      ]
    },
    "mongodb@7.1.0": {
      "integrity": "sha512-kMfnKunbolQYwCIyrkxNJFB4Ypy91pYqua5NargS/f8ODNSJxT03ZU3n1JqL4mCzbSih8tvmMEMLpKTT7x5gCg==",
      "dependencies": [
        "@mongodb-js/saslprep",
        "bson",
        "mongodb-connection-string-url"
      ]
    },
    "punycode@2.3.1": {
      "integrity": "sha512-vYt7UD1U9Wg6138shLtLOvdAu+8DsC/ilFtEVHcH+wydcSpNE20AfSOduf6MkRFahL5FY7X1oU7nKVZFtfq8Fg=="
    },
    "sparse-bitfield@3.0.3": {
      "integrity": "sha512-kvzhi7vqKTfkh0PZU+2D2PIllw2ymqJKujUcyPMd9Y75Nv4nPbGJZXNhxsgdQab2BmlDct1YnfQCguEvHr7VsQ==",
      "dependencies": [
        "memory-pager"
      ]
    },
    "tr46@5.1.1": {
      "integrity": "sha512-hdF5ZgjTqgAntKkklYw0R03MG2x/bSzTtkxmIRw/sTNV8YXsCJ1tfLAX23lhxhHJlEf3CRCOCGGWw3vI3GaSPw==",
      "dependencies": [
        "punycode"
      ]
    },
    "webidl-conversions@7.0.0": {
      "integrity": "sha512-VwddBukDzu71offAQR975unBIGqfKZpM+8ZX6ySk8nYhVoo5CYaZyzt3YBvYtRtO+aoGlqxPg/B87NGVZ/fu6g=="
    },
    "whatwg-url@14.2.0": {
      "integrity": "sha512-De72GdQZzNTUBBChsXueQUnPKDkg/5A5zp7pFDuQAj5UFoENpiACU0wlCvzpAGnTkj++ihpKwKyYewn/XNUbKw==",
      "dependencies": [
        "tr46",
        "webidl-conversions"
      ]
    }
  },
  "redirects": {
    "https://deno.land/x/sqlite3/mod.ts": "https://deno.land/x/sqlite3@0.13.0/mod.ts"
  },
  "remote": {
    "https://deno.land/x/sqlite3@0.13.0/deno.json": "af433ce4acfadbc34264477fbd53a3c0268732484dd76afd7edc4b7d8f5a826c",
    "https://deno.land/x/sqlite3@0.13.0/deps.ts": "bb785da451d66042e14d45c18e980a4ad4de1c4c2889fbc34be2e5aa82e3c3ed",
    "https://deno.land/x/sqlite3@0.13.0/mod.ts": "3169f246c0eddd6ed82862758f4109f167b7ba5538236240fbb26a129f1bc16c",
    "https://deno.land/x/sqlite3@0.13.0/src/blob.ts": "cb860ca260fd0c3ac532f4571684707d5c86ad370fed92948d34adc5587bc5a1",
    "https://deno.land/x/sqlite3@0.13.0/src/constants.ts": "85fd27aa6e199093f25f5f437052e16fd0e0870b96ca9b24a98e04ddc8b7d006",
    "https://deno.land/x/sqlite3@0.13.0/src/database.ts": "7ee61897052bf6fe471b97b85c8ac0534effe79372ec0ee03097f8fe8824847e",
    "https://deno.land/x/sqlite3@0.13.0/src/ffi.ts": "27fbb2d6975bb9bd15742d48d8a6500ad57d8dda12e2e1538a452090358a6a0a",
    "https://deno.land/x/sqlite3@0.13.0/src/statement.ts": "258c67c07c9df31a81b95b5cc3de530d66ce98abe55975b4be35a25e68dd24f7",
    "https://deno.land/x/sqlite3@0.13.0/src/util.ts": "145413868f04821ef41e4f41fc5e8f52d7a69b0b90f98f05b2ef676b9935d4b2"
  }
}
